
Microsoft Visual Studio Solution File, Format Version 12.00
# Visual Studio Version 18
VisualStudioVersion = 18.11.12217.175
MinimumVisualStudioVersion = 10.0.40219.1
Project("{FAE04EC0-301F-11D3-BF4B-00C04F79EFBC}") = "MuteOnMinimize", "MuteOnMinimize\MuteOnMinimize.csproj", "{80596A76-3B16-4195-A1E9-9EEA55D809DD}"
EndProject
Project("{FAE04EC0-301F-11D3-BF4B-00C04F79EFBC}") = "ProjectilePenetration", "ProjectilePenetration\ProjectilePenetration.csproj", "{F27D7570-1031-41B0-BADE-79A0B6B394FC}"
EndProject
Project("{2150E333-8FDC-42A3-9474-1A3956D46DE8}") = "Solution Items", "Solution Items", "{631A3C81-445D-43C2-BE7B-EF311813AA1D}"
	ProjectSection(SolutionItems) = preProject
		.gitignore = .gitignore
		LICENSE = LICENSE
		README.md = README.md
	EndProjectSection
EndProject
Project("{2150E333-8FDC-42A3-9474-1A3956D46DE8}") = "Patches", "Patches", "{5032D2F4-83A6-40E0-AFE1-129F6A416FDD}"
EndProject
Project("{FAE04EC0-301F-11D3-BF4B-00C04F79EFBC}") = "NomapPrinter.SavePatch", "Patches\NomapPrinter.SavePatch\NomapPrinter.SavePatch.csproj", "{C30B350D-2DB7-982F-CEEC-252B9E17BCA0}"
EndProject
Project("{FAE04EC0-301F-11D3-BF4B-00C04F79EFBC}") = "SkillCatchUp.NoNotifications", "Patches\SkillCatchUp.NoNotifications\SkillCatchUp.NoNotifications.csproj", "{EDF8E43E-308C-E5DE-9C20-5A68A5890FD2}"
EndProject
Project("{FAE04EC0-301F-11D3-BF4B-00C04F79EFBC}") = "RoadsideTorches", "RoadsideTorches\RoadsideTorches.csproj", "{365A75B3-7E02-47AF-82B3-DAABA630F2B8}"
EndProject
Project("{FAE04EC0-301F-11D3-BF4B-00C04F79EFBC}") = "ValheimVisualEnhanced.FadePatch", "Patches\ValheimVisualEnhanced.FadePatch\ValheimVisualEnhanced.FadePatch.csproj", "{03CA3B7F-A248-80ED-6C9A-1E8A96B50C84}"
EndProject
Project("{FAE04EC0-301F-11D3-BF4B-00C04F79EFBC}") = "ComfortHints", "ComfortHints\ComfortHints.csproj", "{E4E4AFA5-3FE9-4BBE-90B2-466183AD2C6A}"
EndProject
Global
	GlobalSection(SolutionConfigurationPlatforms) = preSolution
		Debug|Any CPU = Debug|Any CPU
		Release|Any CPU = Release|Any CPU
	EndGlobalSection
	GlobalSection(ProjectConfigurationPlatforms) = postSolution
		{80596A76-3B16-4195-A1E9-9EEA55D809DD}.Debug|Any CPU.ActiveCfg = Debug|Any CPU
		{80596A76-3B16-4195-A1E9-9EEA55D809DD}.Debug|Any CPU.Build.0 = Debug|Any CPU
		{80596A76-3B16-4195-A1E9-9EEA55D809DD}.Release|Any CPU.ActiveCfg = Release|Any CPU
		{80596A76-3B16-4195-A1E9-9EEA55D809DD}.Release|Any CPU.Build.0 = Release|Any CPU
		{F27D7570-1031-41B0-BADE-79A0B6B394FC}.Debug|Any CPU.ActiveCfg = Debug|Any CPU
		{F27D7570-1031-41B0-BADE-79A0B6B394FC}.Debug|Any CPU.Build.0 = Debug|Any CPU
		{F27D7570-1031-41B0-BADE-79A0B6B394FC}.Release|Any CPU.ActiveCfg = Release|Any CPU
		{F27D7570-1031-41B0-BADE-79A0B6B394FC}.Release|Any CPU.Build.0 = Release|Any CPU
		{C30B350D-2DB7-982F-CEEC-252B9E17BCA0}.Debug|Any CPU.ActiveCfg = Debug|Any CPU
		{C30B350D-2DB7-982F-CEEC-252B9E17BCA0}.Debug|Any CPU.Build.0 = Debug|Any CPU
		{C30B350D-2DB7-982F-CEEC-252B9E17BCA0}.Release|Any CPU.ActiveCfg = Release|Any CPU
		{C30B350D-2DB7-982F-CEEC-252B9E17BCA0}.Release|Any CPU.Build.0 = Release|Any CPU
		{EDF8E43E-308C-E5DE-9C20-5A68A5890FD2}.Debug|Any CPU.ActiveCfg = Debug|Any CPU
		{EDF8E43E-308C-E5DE-9C20-5A68A5890FD2}.Debug|Any CPU.Build.0 = Debug|Any CPU
		{EDF8E43E-308C-E5DE-9C20-5A68A5890FD2}.Release|Any CPU.ActiveCfg = Release|Any CPU
		{EDF8E43E-308C-E5DE-9C20-5A68A5890FD2}.Release|Any CPU.Build.0 = Release|Any CPU
		{365A75B3-7E02-47AF-82B3-DAABA630F2B8}.Debug|Any CPU.ActiveCfg = Debug|Any CPU
		{365A75B3-7E02-47AF-82B3-DAABA630F2B8}.Debug|Any CPU.Build.0 = Debug|Any CPU
		{365A75B3-7E02-47AF-82B3-DAABA630F2B8}.Release|Any CPU.ActiveCfg = Release|Any CPU
		{365A75B3-7E02-47AF-82B3-DAABA630F2B8}.Release|Any CPU.Build.0 = Release|Any CPU
		{03CA3B7F-A248-80ED-6C9A-1E8A96B50C84}.Debug|Any CPU.ActiveCfg = Debug|Any CPU
		{03CA3B7F-A248-80ED-6C9A-1E8A96B50C84}.Debug|Any CPU.Build.0 = Debug|Any CPU
		{03CA3B7F-A248-80ED-6C9A-1E8A96B50C84}.Release|Any CPU.ActiveCfg = Release|Any CPU
		{03CA3B7F-A248-80ED-6C9A-1E8A96B50C84}.Release|Any CPU.Build.0 = Release|Any CPU
		{E4E4AFA5-3FE9-4BBE-90B2-466183AD2C6A}.Debug|Any CPU.ActiveCfg = Debug|Any CPU
		{E4E4AFA5-3FE9-4BBE-90B2-466183AD2C6A}.Debug|Any CPU.Build.0 = Debug|Any CPU
		{E4E4AFA5-3FE9-4BBE-90B2-466183AD2C6A}.Release|Any CPU.ActiveCfg = Release|Any CPU
		{E4E4AFA5-3FE9-4BBE-90B2-466183AD2C6A}.Release|Any CPU.Build.0 = Release|Any CPU
	EndGlobalSection
	GlobalSection(SolutionProperties) = preSolution
		HideSolutionNode = FALSE
	EndGlobalSection
	GlobalSection(NestedProjects) = preSolution
		{C30B350D-2DB7-982F-CEEC-252B9E17BCA0} = {5032D2F4-83A6-40E0-AFE1-129F6A416FDD}
		{EDF8E43E-308C-E5DE-9C20-5A68A5890FD2} = {5032D2F4-83A6-40E0-AFE1-129F6A416FDD}
		{03CA3B7F-A248-80ED-6C9A-1E8A96B50C84} = {5032D2F4-83A6-40E0-AFE1-129F6A416FDD}
	EndGlobalSection
	GlobalSection(ExtensibilityGlobals) = postSolution
		SolutionGuid = {7ABD7C06-F88A-40E3-BE7C-C91FA0264641}
	EndGlobalSection
EndGlobal
